
Microsoft Visual Studio Solution File, Format Version 12.00
# Visual Studio 2013
VisualStudioVersion = 12.0.21005.1
MinimumVisualStudioVersion = 10.0.40219.1
Project("{FAE04EC0-301F-11D3-BF4B-00C04F79EFBC}") = "Northwind", "Northwind\Northwind.csproj", "{B3EFB234-65EF-4B7F-B08D-63A40238D415}"
EndProject
Project("{FAE04EC0-301F-11D3-BF4B-00C04F79EFBC}") = "Northwind.Tests", "Northwind.Tests\Northwind.Tests.csproj", "{680044A6-3394-4A1F-AEBD-F06E417F50B2}"
EndProject
Global
	GlobalSection(SolutionConfigurationPlatforms) = preSolution
		Debug|Any CPU = Debug|Any CPU
		Release|Any CPU = Release|Any CPU
	EndGlobalSection
	GlobalSection(ProjectConfigurationPlatforms) = postSolution
		{B3EFB234-65EF-4B7F-B08D-63A40238D415}.Debug|Any CPU.ActiveCfg = Debug|Any CPU
		{B3EFB234-65EF-4B7F-B08D-63A40238D415}.Debug|Any CPU.Build.0 = Debug|Any CPU
		{B3EFB234-65EF-4B7F-B08D-63A40238D415}.Release|Any CPU.ActiveCfg = Release|Any CPU
		{B3EFB234-65EF-4B7F-B08D-63A40238D415}.Release|Any CPU.Build.0 = Release|Any CPU
		{680044A6-3394-4A1F-AEBD-F06E417F50B2}.Debug|Any CPU.ActiveCfg = Debug|Any CPU
		{680044A6-3394-4A1F-AEBD-F06E417F50B2}.Debug|Any CPU.Build.0 = Debug|Any CPU
		{680044A6-3394-4A1F-AEBD-F06E417F50B2}.Release|Any CPU.ActiveCfg = Release|Any CPU
		{680044A6-3394-4A1F-AEBD-F06E417F50B2}.Release|Any CPU.Build.0 = Release|Any CPU
	EndGlobalSection
	GlobalSection(SolutionProperties) = preSolution
		HideSolutionNode = FALSE
	EndGlobalSection
EndGlobal
